
Microsoft Visual Studio Solution File, Format Version 12.00
# Visual Studio 15
Project("{FAE04EC0-301F-11D3-BF4B-00C04F79EFBC}") = "Assembly-CSharp-firstpass", "Assembly-CSharp-firstpass.csproj", "{8B0373A4-5871-05E7-1A82-73C0F5AD3E1B}"
EndProject
Project("{FAE04EC0-301F-11D3-BF4B-00C04F79EFBC}") = "Assembly-CSharp", "Assembly-CSharp.csproj", "{610C606D-9693-305F-64F1-08A966D49663}"
EndProject
Project("{FAE04EC0-301F-11D3-BF4B-00C04F79EFBC}") = "Assembly-CSharp-Editor", "Assembly-CSharp-Editor.csproj", "{01324A3F-028A-681D-4A62-B8E521A160FE}"
EndProject
Project("{FAE04EC0-301F-11D3-BF4B-00C04F79EFBC}") = "Assembly-CSharp-Editor-firstpass", "Assembly-CSharp-Editor-firstpass.csproj", "{829F471A-4449-EA5C-A2E5-55B64195444C}"
EndProject
Global
	GlobalSection(SolutionConfigurationPlatforms) = preSolution
		Debug|Any CPU = Debug|Any CPU
		Release|Any CPU = Release|Any CPU
	EndGlobalSection
	GlobalSection(ProjectConfigurationPlatforms) = postSolution
		{8B0373A4-5871-05E7-1A82-73C0F5AD3E1B}.Debug|Any CPU.ActiveCfg = Debug|Any CPU
		{8B0373A4-5871-05E7-1A82-73C0F5AD3E1B}.Debug|Any CPU.Build.0 = Debug|Any CPU
		{8B0373A4-5871-05E7-1A82-73C0F5AD3E1B}.Release|Any CPU.ActiveCfg = Release|Any CPU
		{8B0373A4-5871-05E7-1A82-73C0F5AD3E1B}.Release|Any CPU.Build.0 = Release|Any CPU
		{610C606D-9693-305F-64F1-08A966D49663}.Debug|Any CPU.ActiveCfg = Debug|Any CPU
		{610C606D-9693-305F-64F1-08A966D49663}.Debug|Any CPU.Build.0 = Debug|Any CPU
		{610C606D-9693-305F-64F1-08A966D49663}.Release|Any CPU.ActiveCfg = Release|Any CPU
		{610C606D-9693-305F-64F1-08A966D49663}.Release|Any CPU.Build.0 = Release|Any CPU
		{01324A3F-028A-681D-4A62-B8E521A160FE}.Debug|Any CPU.ActiveCfg = Debug|Any CPU
		{01324A3F-028A-681D-4A62-B8E521A160FE}.Debug|Any CPU.Build.0 = Debug|Any CPU
		{01324A3F-028A-681D-4A62-B8E521A160FE}.Release|Any CPU.ActiveCfg = Release|Any CPU
		{01324A3F-028A-681D-4A62-B8E521A160FE}.Release|Any CPU.Build.0 = Release|Any CPU
		{829F471A-4449-EA5C-A2E5-55B64195444C}.Debug|Any CPU.ActiveCfg = Debug|Any CPU
		{829F471A-4449-EA5C-A2E5-55B64195444C}.Debug|Any CPU.Build.0 = Debug|Any CPU
		{829F471A-4449-EA5C-A2E5-55B64195444C}.Release|Any CPU.ActiveCfg = Release|Any CPU
		{829F471A-4449-EA5C-A2E5-55B64195444C}.Release|Any CPU.Build.0 = Release|Any CPU
	EndGlobalSection
	GlobalSection(SolutionProperties) = preSolution
		HideSolutionNode = FALSE
	EndGlobalSection
EndGlobal
